
Microsoft Visual Studio Solution File, Format Version 12.00
# Visual Studio Version 17
VisualStudioVersion = 17.14.36908.2
MinimumVisualStudioVersion = 10.0.40219.1
Project("{FAE04EC0-301F-11D3-BF4B-00C04F79EFBC}") = "EventDriven.OrderProcessing.Domain", "EventDriven.OrderProcessing.Domain\EventDriven.OrderProcessing.Domain.csproj", "{822BA88B-384C-4F55-8D3B-E14E6635D798}"
EndProject
Project("{2150E333-8FDC-42A3-9474-1A3956D46DE8}") = "src", "src", "{02EA681E-C7D8-13C7-8484-4AC65E1B71E8}"
EndProject
Project("{FAE04EC0-301F-11D3-BF4B-00C04F79EFBC}") = "EventDriven.OrderProcessing.Application", "EventDriven.OrderProcessing.Application\EventDriven.OrderProcessing.Application.csproj", "{ABF7FA91-F363-41F3-9400-0A77081315EF}"
EndProject
Project("{FAE04EC0-301F-11D3-BF4B-00C04F79EFBC}") = "EventDriven.OrderProcessing.Infrastructure", "EventDriven.OrderProcessing.Infrastructure\EventDriven.OrderProcessing.Infrastructure.csproj", "{0A92262D-7208-4043-ADBA-F38EC9D748B4}"
EndProject
Project("{FAE04EC0-301F-11D3-BF4B-00C04F79EFBC}") = "EventDriven.OrderProcessing.API", "EventDriven.OrderProcessing.API\EventDriven.OrderProcessing.API.csproj", "{D8AE30D6-FF00-496D-8B6E-2433289A22D6}"
EndProject
Project("{2150E333-8FDC-42A3-9474-1A3956D46DE8}") = "Solution Items", "Solution Items", "{8EC462FD-D22E-90A8-E5CE-7E832BA40C5D}"
	ProjectSection(SolutionItems) = preProject
		.gitignore = .gitignore
	EndProjectSection
EndProject
Global
	GlobalSection(SolutionConfigurationPlatforms) = preSolution
		Debug|Any CPU = Debug|Any CPU
		Release|Any CPU = Release|Any CPU
	EndGlobalSection
	GlobalSection(ProjectConfigurationPlatforms) = postSolution
		{822BA88B-384C-4F55-8D3B-E14E6635D798}.Debug|Any CPU.ActiveCfg = Debug|Any CPU
		{822BA88B-384C-4F55-8D3B-E14E6635D798}.Debug|Any CPU.Build.0 = Debug|Any CPU
		{822BA88B-384C-4F55-8D3B-E14E6635D798}.Release|Any CPU.ActiveCfg = Release|Any CPU
		{822BA88B-384C-4F55-8D3B-E14E6635D798}.Release|Any CPU.Build.0 = Release|Any CPU
		{ABF7FA91-F363-41F3-9400-0A77081315EF}.Debug|Any CPU.ActiveCfg = Debug|Any CPU
		{ABF7FA91-F363-41F3-9400-0A77081315EF}.Debug|Any CPU.Build.0 = Debug|Any CPU
		{ABF7FA91-F363-41F3-9400-0A77081315EF}.Release|Any CPU.ActiveCfg = Release|Any CPU
		{ABF7FA91-F363-41F3-9400-0A77081315EF}.Release|Any CPU.Build.0 = Release|Any CPU
		{0A92262D-7208-4043-ADBA-F38EC9D748B4}.Debug|Any CPU.ActiveCfg = Debug|Any CPU
		{0A92262D-7208-4043-ADBA-F38EC9D748B4}.Debug|Any CPU.Build.0 = Debug|Any CPU
		{0A92262D-7208-4043-ADBA-F38EC9D748B4}.Release|Any CPU.ActiveCfg = Release|Any CPU
		{0A92262D-7208-4043-ADBA-F38EC9D748B4}.Release|Any CPU.Build.0 = Release|Any CPU
		{D8AE30D6-FF00-496D-8B6E-2433289A22D6}.Debug|Any CPU.ActiveCfg = Debug|Any CPU
		{D8AE30D6-FF00-496D-8B6E-2433289A22D6}.Debug|Any CPU.Build.0 = Debug|Any CPU
		{D8AE30D6-FF00-496D-8B6E-2433289A22D6}.Release|Any CPU.ActiveCfg = Release|Any CPU
		{D8AE30D6-FF00-496D-8B6E-2433289A22D6}.Release|Any CPU.Build.0 = Release|Any CPU
	EndGlobalSection
	GlobalSection(SolutionProperties) = preSolution
		HideSolutionNode = FALSE
	EndGlobalSection
	GlobalSection(NestedProjects) = preSolution
		{822BA88B-384C-4F55-8D3B-E14E6635D798} = {02EA681E-C7D8-13C7-8484-4AC65E1B71E8}
		{ABF7FA91-F363-41F3-9400-0A77081315EF} = {02EA681E-C7D8-13C7-8484-4AC65E1B71E8}
		{0A92262D-7208-4043-ADBA-F38EC9D748B4} = {02EA681E-C7D8-13C7-8484-4AC65E1B71E8}
		{D8AE30D6-FF00-496D-8B6E-2433289A22D6} = {02EA681E-C7D8-13C7-8484-4AC65E1B71E8}
	EndGlobalSection
	GlobalSection(ExtensibilityGlobals) = postSolution
		SolutionGuid = {28CFCD21-230F-4537-A676-E098EF33F244}
	EndGlobalSection
EndGlobal
